
Microsoft Visual Studio Solution File, Format Version 12.00
Project("{FAE04EC0-301F-11D3-BF4B-00C04F79EFBC}") = "Nimbo.Wms", "Nimbo.Wms\Nimbo.Wms.csproj", "{414893D4-04A3-473C-BB7F-36458A79493C}"
EndProject
Global
	GlobalSection(SolutionConfigurationPlatforms) = preSolution
		Debug|Any CPU = Debug|Any CPU
		Release|Any CPU = Release|Any CPU
	EndGlobalSection
	GlobalSection(ProjectConfigurationPlatforms) = postSolution
		{414893D4-04A3-473C-BB7F-36458A79493C}.Debug|Any CPU.ActiveCfg = Debug|Any CPU
		{414893D4-04A3-473C-BB7F-36458A79493C}.Debug|Any CPU.Build.0 = Debug|Any CPU
		{414893D4-04A3-473C-BB7F-36458A79493C}.Release|Any CPU.ActiveCfg = Release|Any CPU
		{414893D4-04A3-473C-BB7F-36458A79493C}.Release|Any CPU.Build.0 = Release|Any CPU
	EndGlobalSection
EndGlobal
